
Microsoft Visual Studio Solution File, Format Version 12.00
# Visual Studio Version 16
VisualStudioVersion = 16.0.810.18
MinimumVisualStudioVersion = 10.0.40219.1
Project("{FAE04EC0-301F-11D3-BF4B-00C04F79EFBC}") = "ChartJS", "ChartJS\ChartJS.csproj", "{6BF92F23-C386-4317-8EAE-0ECCA5139A1B}"
EndProject
Project("{FAE04EC0-301F-11D3-BF4B-00C04F79EFBC}") = "ChartJS.UITests", "ChartJS.UITests\ChartJS.UITests.csproj", "{0EA94177-688C-4191-8F98-9828CA6D658B}"
EndProject
Global
	GlobalSection(SolutionConfigurationPlatforms) = preSolution
		Debug|iPhoneSimulator = Debug|iPhoneSimulator
		Release|iPhoneSimulator = Release|iPhoneSimulator
		Debug|iPhone = Debug|iPhone
		Release|iPhone = Release|iPhone
		Debug|Any CPU = Debug|Any CPU
		Release|Any CPU = Release|Any CPU
	EndGlobalSection
	GlobalSection(ProjectConfigurationPlatforms) = postSolution
		{6BF92F23-C386-4317-8EAE-0ECCA5139A1B}.Debug|iPhoneSimulator.ActiveCfg = Debug|iPhoneSimulator
		{6BF92F23-C386-4317-8EAE-0ECCA5139A1B}.Debug|iPhoneSimulator.Build.0 = Debug|iPhoneSimulator
		{6BF92F23-C386-4317-8EAE-0ECCA5139A1B}.Release|iPhoneSimulator.ActiveCfg = Release|iPhoneSimulator
		{6BF92F23-C386-4317-8EAE-0ECCA5139A1B}.Release|iPhoneSimulator.Build.0 = Release|iPhoneSimulator
		{6BF92F23-C386-4317-8EAE-0ECCA5139A1B}.Debug|iPhone.ActiveCfg = Debug|iPhone
		{6BF92F23-C386-4317-8EAE-0ECCA5139A1B}.Debug|iPhone.Build.0 = Debug|iPhone
		{6BF92F23-C386-4317-8EAE-0ECCA5139A1B}.Release|iPhone.ActiveCfg = Release|iPhone
		{6BF92F23-C386-4317-8EAE-0ECCA5139A1B}.Release|iPhone.Build.0 = Release|iPhone
		{6BF92F23-C386-4317-8EAE-0ECCA5139A1B}.Debug|Any CPU.ActiveCfg = Debug|iPhoneSimulator
		{6BF92F23-C386-4317-8EAE-0ECCA5139A1B}.Debug|Any CPU.Build.0 = Debug|iPhoneSimulator
		{6BF92F23-C386-4317-8EAE-0ECCA5139A1B}.Release|Any CPU.ActiveCfg = Release|iPhoneSimulator
		{6BF92F23-C386-4317-8EAE-0ECCA5139A1B}.Release|Any CPU.Build.0 = Release|iPhoneSimulator
		{0EA94177-688C-4191-8F98-9828CA6D658B}.Debug|iPhoneSimulator.ActiveCfg = Debug|Any CPU
		{0EA94177-688C-4191-8F98-9828CA6D658B}.Debug|iPhoneSimulator.Build.0 = Debug|Any CPU
		{0EA94177-688C-4191-8F98-9828CA6D658B}.Release|iPhoneSimulator.ActiveCfg = Release|Any CPU
		{0EA94177-688C-4191-8F98-9828CA6D658B}.Release|iPhoneSimulator.Build.0 = Release|Any CPU
		{0EA94177-688C-4191-8F98-9828CA6D658B}.Debug|iPhone.ActiveCfg = Debug|Any CPU
		{0EA94177-688C-4191-8F98-9828CA6D658B}.Debug|iPhone.Build.0 = Debug|Any CPU
		{0EA94177-688C-4191-8F98-9828CA6D658B}.Release|iPhone.ActiveCfg = Release|Any CPU
		{0EA94177-688C-4191-8F98-9828CA6D658B}.Release|iPhone.Build.0 = Release|Any CPU
		{0EA94177-688C-4191-8F98-9828CA6D658B}.Debug|Any CPU.ActiveCfg = Debug|Any CPU
		{0EA94177-688C-4191-8F98-9828CA6D658B}.Debug|Any CPU.Build.0 = Debug|Any CPU
		{0EA94177-688C-4191-8F98-9828CA6D658B}.Release|Any CPU.ActiveCfg = Release|Any CPU
		{0EA94177-688C-4191-8F98-9828CA6D658B}.Release|Any CPU.Build.0 = Release|Any CPU
	EndGlobalSection
	GlobalSection(SolutionProperties) = preSolution
		HideSolutionNode = FALSE
	EndGlobalSection
	GlobalSection(ExtensibilityGlobals) = postSolution
		SolutionGuid = {6BEF6B87-35C0-4426-A69D-FAAA04058896}
	EndGlobalSection
EndGlobal
